// !$*UTF8*$!
{
	archiveVersion = 1;
	classes = {
	};
	objectVersion = 77;
	objects = {

/* Begin PBXBuildFile section */
		0A0DF997AEB540A28BED0CD0 /* CoachView.swift in Sources */ = {isa = PBXBuildFile; fileRef = 66A03DE7FB1AD43F7D0BE2CB /* CoachView.swift */; };
		405453CD3446273D3EADD938 /* MobileControlView.swift in Sources */ = {isa = PBXBuildFile; fileRef = FE24F4B241505D55BFA2F317 /* MobileControlView.swift */; };
		5CE5C3517028EA23081AD537 /* MobileAPIClient.swift in Sources */ = {isa = PBXBuildFile; fileRef = 8857F69986E12712DA6176D3 /* MobileAPIClient.swift */; };
		7287D00A1AB52B931366B933 /* ProposalsView.swift in Sources */ = {isa = PBXBuildFile; fileRef = FB01990E0E39F048E9C17D77 /* ProposalsView.swift */; };
		9118B9AC0EA6D2B0733EBBD0 /* PreviewSupport.swift in Sources */ = {isa = PBXBuildFile; fileRef = F3EB74651849FF066251E1E3 /* PreviewSupport.swift */; };
		9AC6FAB4CB89E8BACAE186FF /* MobileStore.swift in Sources */ = {isa = PBXBuildFile; fileRef = D6A21992B4331A5520182AE9 /* MobileStore.swift */; };
		A6304299BCBF58FF452D6DF5 /* MobileModelsTests.swift in Sources */ = {isa = PBXBuildFile; fileRef = CEF9AA2416866F4744E1D9CA /* MobileModelsTests.swift */; };
		B809CECFEB4FD5728FDEB2DD /* LoginView.swift in Sources */ = {isa = PBXBuildFile; fileRef = CF7C7148209F2ABD8380F78A /* LoginView.swift */; };
		D969ECC12A88F77FEFF34CD4 /* HomeView.swift in Sources */ = {isa = PBXBuildFile; fileRef = 152F899DF8101B3BFBBBC78B /* HomeView.swift */; };
		E0D6A43A40978E2B4C1A3E2C /* SocraticTradeApp.swift in Sources */ = {isa = PBXBuildFile; fileRef = 844E45A6BE6E24077582838F /* SocraticTradeApp.swift */; };
		E2C3FD4721555ED0745EB7B5 /* Assets.xcassets in Resources */ = {isa = PBXBuildFile; fileRef = 375FAA4824FDBD38260DB66F /* Assets.xcassets */; };
		E92D9BA2C0C87CE7369BB7ED /* MobileModels.swift in Sources */ = {isa = PBXBuildFile; fileRef = 69084DDD8FB2AC5F57166159 /* MobileModels.swift */; };
		EB31A76689E9B6F616EDCB27 /* ActivityView.swift in Sources */ = {isa = PBXBuildFile; fileRef = 3E3091F81AEB3CB178CF87DD /* ActivityView.swift */; };
		EFF18DC2B361B2075D5D9CF0 /* MarketsView.swift in Sources */ = {isa = PBXBuildFile; fileRef = 380F475E279DC30ED4C80923 /* MarketsView.swift */; };
		F3766CF7B6366A9DAAE6F116 /* AppComponents.swift in Sources */ = {isa = PBXBuildFile; fileRef = 345361D0C4019C9CAE8C0DC4 /* AppComponents.swift */; };
/* End PBXBuildFile section */

/* Begin PBXContainerItemProxy section */
		3B5CCE9D9BFE9287D6D42F54 /* PBXContainerItemProxy */ = {
			isa = PBXContainerItemProxy;
			containerPortal = 20479ACFCCFEBB02C5B215D4 /* Project object */;
			proxyType = 1;
			remoteGlobalIDString = 078B07A7B61D2B682DF39746;
			remoteInfo = SocraticTrade;
		};
/* End PBXContainerItemProxy section */

/* Begin PBXFileReference section */
		152F899DF8101B3BFBBBC78B /* HomeView.swift */ = {isa = PBXFileReference; lastKnownFileType = sourcecode.swift; path = HomeView.swift; sourceTree = "<group>"; };
		345361D0C4019C9CAE8C0DC4 /* AppComponents.swift */ = {isa = PBXFileReference; lastKnownFileType = sourcecode.swift; path = AppComponents.swift; sourceTree = "<group>"; };
		375FAA4824FDBD38260DB66F /* Assets.xcassets */ = {isa = PBXFileReference; lastKnownFileType = folder.assetcatalog; path = Assets.xcassets; sourceTree = "<group>"; };
		380F475E279DC30ED4C80923 /* MarketsView.swift */ = {isa = PBXFileReference; lastKnownFileType = sourcecode.swift; path = MarketsView.swift; sourceTree = "<group>"; };
		3E3091F81AEB3CB178CF87DD /* ActivityView.swift */ = {isa = PBXFileReference; lastKnownFileType = sourcecode.swift; path = ActivityView.swift; sourceTree = "<group>"; };
		3E6182CEC5FE40762EE5EFEF /* SocraticTradeTests.xctest */ = {isa = PBXFileReference; includeInIndex = 0; lastKnownFileType = wrapper.cfbundle; path = SocraticTradeTests.xctest; sourceTree = BUILT_PRODUCTS_DIR; };
		66A03DE7FB1AD43F7D0BE2CB /* CoachView.swift */ = {isa = PBXFileReference; lastKnownFileType = sourcecode.swift; path = CoachView.swift; sourceTree = "<group>"; };
		69084DDD8FB2AC5F57166159 /* MobileModels.swift */ = {isa = PBXFileReference; lastKnownFileType = sourcecode.swift; path = MobileModels.swift; sourceTree = "<group>"; };
		844E45A6BE6E24077582838F /* SocraticTradeApp.swift */ = {isa = PBXFileReference; lastKnownFileType = sourcecode.swift; path = SocraticTradeApp.swift; sourceTree = "<group>"; };
		8857F69986E12712DA6176D3 /* MobileAPIClient.swift */ = {isa = PBXFileReference; lastKnownFileType = sourcecode.swift; path = MobileAPIClient.swift; sourceTree = "<group>"; };
		CEF9AA2416866F4744E1D9CA /* MobileModelsTests.swift */ = {isa = PBXFileReference; lastKnownFileType = sourcecode.swift; path = MobileModelsTests.swift; sourceTree = "<group>"; };
		CF7C7148209F2ABD8380F78A /* LoginView.swift */ = {isa = PBXFileReference; lastKnownFileType = sourcecode.swift; path = LoginView.swift; sourceTree = "<group>"; };
		D6A21992B4331A5520182AE9 /* MobileStore.swift */ = {isa = PBXFileReference; lastKnownFileType = sourcecode.swift; path = MobileStore.swift; sourceTree = "<group>"; };
		F3C292D048819ED8AFCB7404 /* SocraticTrade.app */ = {isa = PBXFileReference; includeInIndex = 0; lastKnownFileType = wrapper.application; path = SocraticTrade.app; sourceTree = BUILT_PRODUCTS_DIR; };
		F3EB74651849FF066251E1E3 /* PreviewSupport.swift */ = {isa = PBXFileReference; lastKnownFileType = sourcecode.swift; path = PreviewSupport.swift; sourceTree = "<group>"; };
		FB01990E0E39F048E9C17D77 /* ProposalsView.swift */ = {isa = PBXFileReference; lastKnownFileType = sourcecode.swift; path = ProposalsView.swift; sourceTree = "<group>"; };
		FE24F4B241505D55BFA2F317 /* MobileControlView.swift */ = {isa = PBXFileReference; lastKnownFileType = sourcecode.swift; path = MobileControlView.swift; sourceTree = "<group>"; };
/* End PBXFileReference section */

/* Begin PBXGroup section */
		2E3A0B6B7E883C937D272DAC /* SocraticTrade */ = {
			isa = PBXGroup;
			children = (
				3E3091F81AEB3CB178CF87DD /* ActivityView.swift */,
				345361D0C4019C9CAE8C0DC4 /* AppComponents.swift */,
				375FAA4824FDBD38260DB66F /* Assets.xcassets */,
				66A03DE7FB1AD43F7D0BE2CB /* CoachView.swift */,
				152F899DF8101B3BFBBBC78B /* HomeView.swift */,
				CF7C7148209F2ABD8380F78A /* LoginView.swift */,
				380F475E279DC30ED4C80923 /* MarketsView.swift */,
				8857F69986E12712DA6176D3 /* MobileAPIClient.swift */,
				FE24F4B241505D55BFA2F317 /* MobileControlView.swift */,
				69084DDD8FB2AC5F57166159 /* MobileModels.swift */,
				D6A21992B4331A5520182AE9 /* MobileStore.swift */,
				F3EB74651849FF066251E1E3 /* PreviewSupport.swift */,
				FB01990E0E39F048E9C17D77 /* ProposalsView.swift */,
				844E45A6BE6E24077582838F /* SocraticTradeApp.swift */,
			);
			path = SocraticTrade;
			sourceTree = "<group>";
		};
		461308315698345C266BB162 /* Products */ = {
			isa = PBXGroup;
			children = (
				F3C292D048819ED8AFCB7404 /* SocraticTrade.app */,
				3E6182CEC5FE40762EE5EFEF /* SocraticTradeTests.xctest */,
			);
			name = Products;
			sourceTree = "<group>";
		};
		53E091B42EE8A8A3CE102193 = {
			isa = PBXGroup;
			children = (
				2E3A0B6B7E883C937D272DAC /* SocraticTrade */,
				DDD63B8D0B260D6C9B06611D /* SocraticTradeTests */,
				461308315698345C266BB162 /* Products */,
			);
			sourceTree = "<group>";
		};
		DDD63B8D0B260D6C9B06611D /* SocraticTradeTests */ = {
			isa = PBXGroup;
			children = (
				CEF9AA2416866F4744E1D9CA /* MobileModelsTests.swift */,
			);
			path = SocraticTradeTests;
			sourceTree = "<group>";
		};
/* End PBXGroup section */

/* Begin PBXNativeTarget section */
		078B07A7B61D2B682DF39746 /* SocraticTrade */ = {
			isa = PBXNativeTarget;
			buildConfigurationList = EEB640A0FD2EA662E8C4CD0B /* Build configuration list for PBXNativeTarget "SocraticTrade" */;
			buildPhases = (
				47C5DBFFA20F80E4CF1C59EF /* Sources */,
				209D6928DD8DB3B44E024F48 /* Resources */,
			);
			buildRules = (
			);
			dependencies = (
			);
			name = SocraticTrade;
			packageProductDependencies = (
			);
			productName = SocraticTrade;
			productReference = F3C292D048819ED8AFCB7404 /* SocraticTrade.app */;
			productType = "com.apple.product-type.application";
		};
		39726A3EA605E050462F4BF0 /* SocraticTradeTests */ = {
			isa = PBXNativeTarget;
			buildConfigurationList = 0CDD5DA6066BD394B55B29A9 /* Build configuration list for PBXNativeTarget "SocraticTradeTests" */;
			buildPhases = (
				E9F2FDE67F00FA4A0582072A /* Sources */,
			);
			buildRules = (
			);
			dependencies = (
				51D2C034965124B67CC4D548 /* PBXTargetDependency */,
			);
			name = SocraticTradeTests;
			packageProductDependencies = (
			);
			productName = SocraticTradeTests;
			productReference = 3E6182CEC5FE40762EE5EFEF /* SocraticTradeTests.xctest */;
			productType = "com.apple.product-type.bundle.unit-test";
		};
/* End PBXNativeTarget section */

/* Begin PBXProject section */
		20479ACFCCFEBB02C5B215D4 /* Project object */ = {
			isa = PBXProject;
			attributes = {
				BuildIndependentTargetsInParallel = YES;
				LastUpgradeCheck = 1430;
				TargetAttributes = {
					078B07A7B61D2B682DF39746 = {
						DevelopmentTeam = CC8UTF7ATG;
						ProvisioningStyle = Automatic;
					};
				};
			};
			buildConfigurationList = 8BC9BE8819C389ABEEC99505 /* Build configuration list for PBXProject "SocraticTrade" */;
			developmentRegion = en;
			hasScannedForEncodings = 0;
			knownRegions = (
				Base,
				en,
			);
			mainGroup = 53E091B42EE8A8A3CE102193;
			minimizedProjectReferenceProxies = 1;
			preferredProjectObjectVersion = 77;
			productRefGroup = 461308315698345C266BB162 /* Products */;
			projectDirPath = "";
			projectRoot = "";
			targets = (
				078B07A7B61D2B682DF39746 /* SocraticTrade */,
				39726A3EA605E050462F4BF0 /* SocraticTradeTests */,
			);
		};
/* End PBXProject section */

/* Begin PBXResourcesBuildPhase section */
		209D6928DD8DB3B44E024F48 /* Resources */ = {
			isa = PBXResourcesBuildPhase;
			buildActionMask = 2147483647;
			files = (
				E2C3FD4721555ED0745EB7B5 /* Assets.xcassets in Resources */,
			);
			runOnlyForDeploymentPostprocessing = 0;
		};
/* End PBXResourcesBuildPhase section */

/* Begin PBXSourcesBuildPhase section */
		47C5DBFFA20F80E4CF1C59EF /* Sources */ = {
			isa = PBXSourcesBuildPhase;
			buildActionMask = 2147483647;
			files = (
				EB31A76689E9B6F616EDCB27 /* ActivityView.swift in Sources */,
				F3766CF7B6366A9DAAE6F116 /* AppComponents.swift in Sources */,
				0A0DF997AEB540A28BED0CD0 /* CoachView.swift in Sources */,
				D969ECC12A88F77FEFF34CD4 /* HomeView.swift in Sources */,
				B809CECFEB4FD5728FDEB2DD /* LoginView.swift in Sources */,
				EFF18DC2B361B2075D5D9CF0 /* MarketsView.swift in Sources */,
				5CE5C3517028EA23081AD537 /* MobileAPIClient.swift in Sources */,
				405453CD3446273D3EADD938 /* MobileControlView.swift in Sources */,
				E92D9BA2C0C87CE7369BB7ED /* MobileModels.swift in Sources */,
				9AC6FAB4CB89E8BACAE186FF /* MobileStore.swift in Sources */,
				9118B9AC0EA6D2B0733EBBD0 /* PreviewSupport.swift in Sources */,
				7287D00A1AB52B931366B933 /* ProposalsView.swift in Sources */,
				E0D6A43A40978E2B4C1A3E2C /* SocraticTradeApp.swift in Sources */,
			);
			runOnlyForDeploymentPostprocessing = 0;
		};
		E9F2FDE67F00FA4A0582072A /* Sources */ = {
			isa = PBXSourcesBuildPhase;
			buildActionMask = 2147483647;
			files = (
				A6304299BCBF58FF452D6DF5 /* MobileModelsTests.swift in Sources */,
			);
			runOnlyForDeploymentPostprocessing = 0;
		};
/* End PBXSourcesBuildPhase section */

/* Begin PBXTargetDependency section */
		51D2C034965124B67CC4D548 /* PBXTargetDependency */ = {
			isa = PBXTargetDependency;
			target = 078B07A7B61D2B682DF39746 /* SocraticTrade */;
			targetProxy = 3B5CCE9D9BFE9287D6D42F54 /* PBXContainerItemProxy */;
		};
/* End PBXTargetDependency section */

/* Begin XCBuildConfiguration section */
		05B25FB3423FB02BA159531E /* Debug */ = {
			isa = XCBuildConfiguration;
			buildSettings = {
				ALWAYS_SEARCH_USER_PATHS = NO;
				CLANG_ANALYZER_NONNULL = YES;
				CLANG_ANALYZER_NUMBER_OBJECT_CONVERSION = YES_AGGRESSIVE;
				CLANG_CXX_LANGUAGE_STANDARD = "gnu++14";
				CLANG_CXX_LIBRARY = "libc++";
				CLANG_ENABLE_MODULES = YES;
				CLANG_ENABLE_OBJC_ARC = YES;
				CLANG_ENABLE_OBJC_WEAK = YES;
				CLANG_WARN_BLOCK_CAPTURE_AUTORELEASING = YES;
				CLANG_WARN_BOOL_CONVERSION = YES;
				CLANG_WARN_COMMA = YES;
				CLANG_WARN_CONSTANT_CONVERSION = YES;
				CLANG_WARN_DEPRECATED_OBJC_IMPLEMENTATIONS = YES;
				CLANG_WARN_DIRECT_OBJC_ISA_USAGE = YES_ERROR;
				CLANG_WARN_DOCUMENTATION_COMMENTS = YES;
				CLANG_WARN_EMPTY_BODY = YES;
				CLANG_WARN_ENUM_CONVERSION = YES;
				CLANG_WARN_INFINITE_RECURSION = YES;
				CLANG_WARN_INT_CONVERSION = YES;
				CLANG_WARN_NON_LITERAL_NULL_CONVERSION = YES;
				CLANG_WARN_OBJC_IMPLICIT_RETAIN_SELF = YES;
				CLANG_WARN_OBJC_LITERAL_CONVERSION = YES;
				CLANG_WARN_OBJC_ROOT_CLASS = YES_ERROR;
				CLANG_WARN_QUOTED_INCLUDE_IN_FRAMEWORK_HEADER = YES;
				CLANG_WARN_RANGE_LOOP_ANALYSIS = YES;
				CLANG_WARN_STRICT_PROTOTYPES = YES;
				CLANG_WARN_SUSPICIOUS_MOVE = YES;
				CLANG_WARN_UNGUARDED_AVAILABILITY = YES_AGGRESSIVE;
				CLANG_WARN_UNREACHABLE_CODE = YES;
				CLANG_WARN__DUPLICATE_METHOD_MATCH = YES;
				COPY_PHASE_STRIP = NO;
				CURRENT_PROJECT_VERSION = 1;
				DEBUG_INFORMATION_FORMAT = dwarf;
				ENABLE_STRICT_OBJC_MSGSEND = YES;
				ENABLE_TESTABILITY = YES;
				GCC_C_LANGUAGE_STANDARD = gnu11;
				GCC_DYNAMIC_NO_PIC = NO;
				GCC_NO_COMMON_BLOCKS = YES;
				GCC_OPTIMIZATION_LEVEL = 0;
				GCC_PREPROCESSOR_DEFINITIONS = (
					"$(inherited)",
					"DEBUG=1",
				);
				GCC_WARN_64_TO_32_BIT_CONVERSION = YES;
				GCC_WARN_ABOUT_RETURN_TYPE = YES_ERROR;
				GCC_WARN_UNDECLARED_SELECTOR = YES;
				GCC_WARN_UNINITIALIZED_AUTOS = YES_AGGRESSIVE;
				GCC_WARN_UNUSED_FUNCTION = YES;
				GCC_WARN_UNUSED_VARIABLE = YES;
				IPHONEOS_DEPLOYMENT_TARGET = 26.0;
				MARKETING_VERSION = 1.0;
				MTL_ENABLE_DEBUG_INFO = INCLUDE_SOURCE;
				MTL_FAST_MATH = YES;
				ONLY_ACTIVE_ARCH = YES;
				PRODUCT_NAME = "$(TARGET_NAME)";
				SDKROOT = iphoneos;
				SWIFT_ACTIVE_COMPILATION_CONDITIONS = DEBUG;
				SWIFT_OPTIMIZATION_LEVEL = "-Onone";
				SWIFT_VERSION = 5.9;
			};
			name = Debug;
		};
		663A4F7CD976C956584150BA /* Debug */ = {
			isa = XCBuildConfiguration;
			buildSettings = {
				BUNDLE_LOADER = "$(TEST_HOST)";
				GENERATE_INFOPLIST_FILE = YES;
				LD_RUNPATH_SEARCH_PATHS = (
					"$(inherited)",
					"@executable_path/Frameworks",
					"@loader_path/Frameworks",
				);
				PRODUCT_BUNDLE_IDENTIFIER = trade.socratic.app.tests;
				SDKROOT = iphoneos;
				TARGETED_DEVICE_FAMILY = "1,2";
				TEST_HOST = "$(BUILT_PRODUCTS_DIR)/SocraticTrade.app/SocraticTrade";
			};
			name = Debug;
		};
		6891125A602E113077ABC4D8 /* Debug */ = {
			isa = XCBuildConfiguration;
			buildSettings = {
				ASSETCATALOG_COMPILER_APPICON_NAME = AppIcon;
				CODE_SIGN_ENTITLEMENTS = SocraticTrade/SocraticTrade.entitlements;
				CODE_SIGN_IDENTITY = "iPhone Developer";
				CODE_SIGN_STYLE = Automatic;
				CURRENT_PROJECT_VERSION = 1;
				DEVELOPMENT_TEAM = CC8UTF7ATG;
				INFOPLIST_FILE = SocraticTrade/Info.plist;
				INFOPLIST_KEY_CFBundleDisplayName = "Socratic.Trade";
				INFOPLIST_KEY_LSApplicationCategoryType = "public.app-category.finance";
				LD_RUNPATH_SEARCH_PATHS = (
					"$(inherited)",
					"@executable_path/Frameworks",
				);
				MARKETING_VERSION = 1.0.0;
				PRODUCT_BUNDLE_IDENTIFIER = trade.socratic.app;
				PRODUCT_NAME = "Socratic.Trade";
				SDKROOT = iphoneos;
				TARGETED_DEVICE_FAMILY = "1,2";
			};
			name = Debug;
		};
		C02E9042EF024DE3E733E39C /* Release */ = {
			isa = XCBuildConfiguration;
			buildSettings = {
				ASSETCATALOG_COMPILER_APPICON_NAME = AppIcon;
				CODE_SIGN_ENTITLEMENTS = SocraticTrade/SocraticTrade.entitlements;
				CODE_SIGN_IDENTITY = "iPhone Developer";
				CODE_SIGN_STYLE = Automatic;
				CURRENT_PROJECT_VERSION = 1;
				DEVELOPMENT_TEAM = CC8UTF7ATG;
				INFOPLIST_FILE = SocraticTrade/Info.plist;
				INFOPLIST_KEY_CFBundleDisplayName = "Socratic.Trade";
				INFOPLIST_KEY_LSApplicationCategoryType = "public.app-category.finance";
				LD_RUNPATH_SEARCH_PATHS = (
					"$(inherited)",
					"@executable_path/Frameworks",
				);
				MARKETING_VERSION = 1.0.0;
				PRODUCT_BUNDLE_IDENTIFIER = trade.socratic.app;
				PRODUCT_NAME = "Socratic.Trade";
				SDKROOT = iphoneos;
				TARGETED_DEVICE_FAMILY = "1,2";
			};
			name = Release;
		};
		C1D49CD9E760A59D629CA05F /* Release */ = {
			isa = XCBuildConfiguration;
			buildSettings = {
				BUNDLE_LOADER = "$(TEST_HOST)";
				GENERATE_INFOPLIST_FILE = YES;
				LD_RUNPATH_SEARCH_PATHS = (
					"$(inherited)",
					"@executable_path/Frameworks",
					"@loader_path/Frameworks",
				);
				PRODUCT_BUNDLE_IDENTIFIER = trade.socratic.app.tests;
				SDKROOT = iphoneos;
				TARGETED_DEVICE_FAMILY = "1,2";
				TEST_HOST = "$(BUILT_PRODUCTS_DIR)/SocraticTrade.app/SocraticTrade";
			};
			name = Release;
		};
		E1186D93FB12EE3EEC65A89C /* Release */ = {
			isa = XCBuildConfiguration;
			buildSettings = {
				ALWAYS_SEARCH_USER_PATHS = NO;
				CLANG_ANALYZER_NONNULL = YES;
				CLANG_ANALYZER_NUMBER_OBJECT_CONVERSION = YES_AGGRESSIVE;
				CLANG_CXX_LANGUAGE_STANDARD = "gnu++14";
				CLANG_CXX_LIBRARY = "libc++";
				CLANG_ENABLE_MODULES = YES;
				CLANG_ENABLE_OBJC_ARC = YES;
				CLANG_ENABLE_OBJC_WEAK = YES;
				CLANG_WARN_BLOCK_CAPTURE_AUTORELEASING = YES;
				CLANG_WARN_BOOL_CONVERSION = YES;
				CLANG_WARN_COMMA = YES;
				CLANG_WARN_CONSTANT_CONVERSION = YES;
				CLANG_WARN_DEPRECATED_OBJC_IMPLEMENTATIONS = YES;
				CLANG_WARN_DIRECT_OBJC_ISA_USAGE = YES_ERROR;
				CLANG_WARN_DOCUMENTATION_COMMENTS = YES;
				CLANG_WARN_EMPTY_BODY = YES;
				CLANG_WARN_ENUM_CONVERSION = YES;
				CLANG_WARN_INFINITE_RECURSION = YES;
				CLANG_WARN_INT_CONVERSION = YES;
				CLANG_WARN_NON_LITERAL_NULL_CONVERSION = YES;
				CLANG_WARN_OBJC_IMPLICIT_RETAIN_SELF = YES;
				CLANG_WARN_OBJC_LITERAL_CONVERSION = YES;
				CLANG_WARN_OBJC_ROOT_CLASS = YES_ERROR;
				CLANG_WARN_QUOTED_INCLUDE_IN_FRAMEWORK_HEADER = YES;
				CLANG_WARN_RANGE_LOOP_ANALYSIS = YES;
				CLANG_WARN_STRICT_PROTOTYPES = YES;
				CLANG_WARN_SUSPICIOUS_MOVE = YES;
				CLANG_WARN_UNGUARDED_AVAILABILITY = YES_AGGRESSIVE;
				CLANG_WARN_UNREACHABLE_CODE = YES;
				CLANG_WARN__DUPLICATE_METHOD_MATCH = YES;
				COPY_PHASE_STRIP = NO;
				CURRENT_PROJECT_VERSION = 1;
				DEBUG_INFORMATION_FORMAT = "dwarf-with-dsym";
				ENABLE_NS_ASSERTIONS = NO;
				ENABLE_STRICT_OBJC_MSGSEND = YES;
				GCC_C_LANGUAGE_STANDARD = gnu11;
				GCC_NO_COMMON_BLOCKS = YES;
				GCC_WARN_64_TO_32_BIT_CONVERSION = YES;
				GCC_WARN_ABOUT_RETURN_TYPE = YES_ERROR;
				GCC_WARN_UNDECLARED_SELECTOR = YES;
				GCC_WARN_UNINITIALIZED_AUTOS = YES_AGGRESSIVE;
				GCC_WARN_UNUSED_FUNCTION = YES;
				GCC_WARN_UNUSED_VARIABLE = YES;
				IPHONEOS_DEPLOYMENT_TARGET = 26.0;
				MARKETING_VERSION = 1.0;
				MTL_ENABLE_DEBUG_INFO = NO;
				MTL_FAST_MATH = YES;
				PRODUCT_NAME = "$(TARGET_NAME)";
				SDKROOT = iphoneos;
				SWIFT_COMPILATION_MODE = wholemodule;
				SWIFT_OPTIMIZATION_LEVEL = "-O";
				SWIFT_VERSION = 5.9;
			};
			name = Release;
		};
/* End XCBuildConfiguration section */

/* Begin XCConfigurationList section */
		0CDD5DA6066BD394B55B29A9 /* Build configuration list for PBXNativeTarget "SocraticTradeTests" */ = {
			isa = XCConfigurationList;
			buildConfigurations = (
				663A4F7CD976C956584150BA /* Debug */,
				C1D49CD9E760A59D629CA05F /* Release */,
			);
			defaultConfigurationIsVisible = 0;
			defaultConfigurationName = Debug;
		};
		8BC9BE8819C389ABEEC99505 /* Build configuration list for PBXProject "SocraticTrade" */ = {
			isa = XCConfigurationList;
			buildConfigurations = (
				05B25FB3423FB02BA159531E /* Debug */,
				E1186D93FB12EE3EEC65A89C /* Release */,
			);
			defaultConfigurationIsVisible = 0;
			defaultConfigurationName = Debug;
		};
		EEB640A0FD2EA662E8C4CD0B /* Build configuration list for PBXNativeTarget "SocraticTrade" */ = {
			isa = XCConfigurationList;
			buildConfigurations = (
				6891125A602E113077ABC4D8 /* Debug */,
				C02E9042EF024DE3E733E39C /* Release */,
			);
			defaultConfigurationIsVisible = 0;
			defaultConfigurationName = Debug;
		};
/* End XCConfigurationList section */
	};
	rootObject = 20479ACFCCFEBB02C5B215D4 /* Project object */;
}
