// !$*UTF8*$!
{
	archiveVersion = 1;
	classes = {
	};
	objectVersion = 100;
	objects = {

/* Begin PBXBuildFile section */
		00A64670386CFB976BCA05B3 /* ProposalPriceReview.swift in Sources */ = {isa = PBXBuildFile; fileRef = 5106B1DF419D29BCC1717594 /* ProposalPriceReview.swift */; };
		06E671465D00C0E5D6FE1552 /* ScanView.swift in Sources */ = {isa = PBXBuildFile; fileRef = F19EB749596630BC4A2EF149 /* ScanView.swift */; };
		07819F3774A506ECF52D5F38 /* ControlCatalogTests.swift in Sources */ = {isa = PBXBuildFile; fileRef = C4EC1C98F388A1CA9E6334EB /* ControlCatalogTests.swift */; };
		0D33482A75E80E8B8393568C /* HomeView.swift in Sources */ = {isa = PBXBuildFile; fileRef = 1414766425B708D8C45691ED /* HomeView.swift */; };
		16C32102BDAA57BDDC9BC51E /* Assets.xcassets in Resources */ = {isa = PBXBuildFile; fileRef = 64D21DA3DA51118F65691FBE /* Assets.xcassets */; };
		18483B89B5039BD1C62B723D /* PushNotifications.swift in Sources */ = {isa = PBXBuildFile; fileRef = 3F73B7DC3AC7076311C24456 /* PushNotifications.swift */; };
		1F37FE2BA14490285C0A0156 /* RunStateDerivationTests.swift in Sources */ = {isa = PBXBuildFile; fileRef = EF789FDEB98C62C5D8A12A7F /* RunStateDerivationTests.swift */; };
		20459811A20F559A78FC18B3 /* SocraticTradeApp.swift in Sources */ = {isa = PBXBuildFile; fileRef = 5F94CABB7BE5CB871622BADD /* SocraticTradeApp.swift */; };
		24BC1C267A8A15E430484C5F /* CoachMarkdown.swift in Sources */ = {isa = PBXBuildFile; fileRef = 4EC2A15B7990BAD6A58CF90F /* CoachMarkdown.swift */; };
		25C68C0432E8A4913913AE9F /* GuardrailsView.swift in Sources */ = {isa = PBXBuildFile; fileRef = 03611D1B48875FFFC841E481 /* GuardrailsView.swift */; };
		27D79C4CCEC77B61D399EE85 /* SymbolInfoSheet.swift in Sources */ = {isa = PBXBuildFile; fileRef = A3125CC92E339D3923013056 /* SymbolInfoSheet.swift */; };
		2C1779425589D75D5DC80748 /* DeskModels.swift in Sources */ = {isa = PBXBuildFile; fileRef = 1B0F3D1878E50D6658B4EA3A /* DeskModels.swift */; };
		33303D981912E771B2711FDE /* Lato-Bold.ttf in Resources */ = {isa = PBXBuildFile; fileRef = 042C3DAFDC413C79CE5526F9 /* Lato-Bold.ttf */; };
		3648AC8A513158C9BD6D2031 /* DataSourcesSettings.swift in Sources */ = {isa = PBXBuildFile; fileRef = 6BB7CC629CAE02EBB9308DC5 /* DataSourcesSettings.swift */; };
		3D5C036934C466C235DAB70A /* Lato-Regular.ttf in Resources */ = {isa = PBXBuildFile; fileRef = 552372DC3315B434227861EE /* Lato-Regular.ttf */; };
		3F6D25500B614E3C6F0140E0 /* CoachMarkdownTests.swift in Sources */ = {isa = PBXBuildFile; fileRef = C0675693E793B52F16CA3C08 /* CoachMarkdownTests.swift */; };
		4298F7ACB07D50EE61F0ECB9 /* MobileControlView.swift in Sources */ = {isa = PBXBuildFile; fileRef = 8FD3EFCF82E664100A11FC33 /* MobileControlView.swift */; };
		51FE4A579117BE3605C107D9 /* PreviewSupport.swift in Sources */ = {isa = PBXBuildFile; fileRef = 37C2568FFF3FB30F96619E8E /* PreviewSupport.swift */; };
		5601AC0021A8D0D6F3C5E27F /* MobileAPIClient.swift in Sources */ = {isa = PBXBuildFile; fileRef = 89D3AB0C26BB7394334E998E /* MobileAPIClient.swift */; };
		57D0CB9616F87E24C6148836 /* OrderCancel.swift in Sources */ = {isa = PBXBuildFile; fileRef = F465E5B4A0E3C941A01A8640 /* OrderCancel.swift */; };
		59A784D6939E343235F74CF3 /* LATO-OFL.txt in Resources */ = {isa = PBXBuildFile; fileRef = 64FD6B1AE752DEF0DB8C719D /* LATO-OFL.txt */; };
		63208ADA82E6CF5D9A88E88E /* AppUpdatePromptTests.swift in Sources */ = {isa = PBXBuildFile; fileRef = A2A1EE920003A215DF994CE9 /* AppUpdatePromptTests.swift */; };
		6B532570C7BE012A3EF3D070 /* OrderCancelTests.swift in Sources */ = {isa = PBXBuildFile; fileRef = C5557CAA4F581AB7FB8F8234 /* OrderCancelTests.swift */; };
		6F472653B6E7B573907DEB0E /* AgentControlPlan.swift in Sources */ = {isa = PBXBuildFile; fileRef = A1CC6784F07066C7C065671F /* AgentControlPlan.swift */; };
		700A4F7309B4940998C8190B /* policy-contract.json in Resources */ = {isa = PBXBuildFile; fileRef = 09F64EED0B9788B036ED3BFA /* policy-contract.json */; };
		7E98F3E600F596650127865C /* UserFacingCopyTests.swift in Sources */ = {isa = PBXBuildFile; fileRef = 505CFD83F8A4DB57C8C6B26B /* UserFacingCopyTests.swift */; };
		8299FA4E767A17105773101F /* DeskModelsTests.swift in Sources */ = {isa = PBXBuildFile; fileRef = 1A1EC10518F9629B12DBFA3D /* DeskModelsTests.swift */; };
		84A3825A59F57AD4C4DEE18D /* InsightsView.swift in Sources */ = {isa = PBXBuildFile; fileRef = DD460CC2D17E0F0B061B372A /* InsightsView.swift */; };
		85DC43A7311763C033D46DC8 /* AccountMetricsTests.swift in Sources */ = {isa = PBXBuildFile; fileRef = 1104431D2656738961FF9E2E /* AccountMetricsTests.swift */; };
		8C402A017E39D5CF92861A85 /* MobileModelsTests.swift in Sources */ = {isa = PBXBuildFile; fileRef = 23A34A6694A3A24320E058E4 /* MobileModelsTests.swift */; };
		8FC9AE92C498E935EB550AAF /* AppTypographyTests.swift in Sources */ = {isa = PBXBuildFile; fileRef = 40B15024373F200D860968ED /* AppTypographyTests.swift */; };
		96788F467DDE0AEBD26DBE2E /* AppComponents.swift in Sources */ = {isa = PBXBuildFile; fileRef = 38386F538E5ECC5191294B9A /* AppComponents.swift */; };
		97E7970C650099475A424225 /* MobileModels.swift in Sources */ = {isa = PBXBuildFile; fileRef = 46F9B58AE392D9B952212857 /* MobileModels.swift */; };
		9A2713B013C93FDA2F9ECCE9 /* Lato-Black.ttf in Resources */ = {isa = PBXBuildFile; fileRef = 6B078CF6C158BBF3E54734FC /* Lato-Black.ttf */; };
		A08ECA51E20EFDE9EEA75142 /* AppUpdatePrompt.swift in Sources */ = {isa = PBXBuildFile; fileRef = 3724E63D5409F8827C215758 /* AppUpdatePrompt.swift */; };
		A0B35AC0FE7982512B0E4796 /* ProposalsView.swift in Sources */ = {isa = PBXBuildFile; fileRef = EC1C49575DCB6DA8E8D65CD7 /* ProposalsView.swift */; };
		A4213D46A2C04A5211D908CA /* PolicyTightening.swift in Sources */ = {isa = PBXBuildFile; fileRef = 9E30F86884C90A0B81A3377F /* PolicyTightening.swift */; };
		AADECAD991DC4AEB91852D42 /* Lato-Italic.ttf in Resources */ = {isa = PBXBuildFile; fileRef = C5DB2224CAACE329BCE50890 /* Lato-Italic.ttf */; };
		ACF83840AA1DAFC72B2A59AE /* ActivityView.swift in Sources */ = {isa = PBXBuildFile; fileRef = 761C0F1E45ABE2373664A335 /* ActivityView.swift */; };
		AD51C8FEF98EF6F4E763A044 /* MarketsView.swift in Sources */ = {isa = PBXBuildFile; fileRef = D351D03CEAFD6CD1EB4536FD /* MarketsView.swift */; };
		B1F8A39D5E855B1CEC1264C1 /* ResultsView.swift in Sources */ = {isa = PBXBuildFile; fileRef = 881F862498FE996BFC88C037 /* ResultsView.swift */; };
		B4F889FDC384BEA36BB16F23 /* DeepLink.swift in Sources */ = {isa = PBXBuildFile; fileRef = 31CAA55DF67299F539BE8ECC /* DeepLink.swift */; };
		BF68D663A3173029BEEC52D8 /* DeepLinkTests.swift in Sources */ = {isa = PBXBuildFile; fileRef = AA6AA7A53A726CB69203EDD4 /* DeepLinkTests.swift */; };
		C39AC4C21712AD198B7A1753 /* CandleWordmarkTests.swift in Sources */ = {isa = PBXBuildFile; fileRef = 511D91AD0BC588F44749DC59 /* CandleWordmarkTests.swift */; };
		C3BB26F6D86DD0C45B1EBEFC /* TabPreferencesTests.swift in Sources */ = {isa = PBXBuildFile; fileRef = 728EAC5AE3C4358672EBAEED /* TabPreferencesTests.swift */; };
		C4C5A007566AD8E6187289D7 /* AdminPortalView.swift in Sources */ = {isa = PBXBuildFile; fileRef = 6C59D290B3E70A1F9606F659 /* AdminPortalView.swift */; };
		C4C927EE875067C7AA54170A /* CoachView.swift in Sources */ = {isa = PBXBuildFile; fileRef = 3677A7585B7699DCBD76615E /* CoachView.swift */; };
		C67CC3242AE041DFAE3A419E /* CandleWordmarkView.swift in Sources */ = {isa = PBXBuildFile; fileRef = D112E8C717D899B0AFF0B6E5 /* CandleWordmarkView.swift */; };
		CD52ABAB004A7F1000A42C01 /* PrivacyInfo.xcprivacy in Resources */ = {isa = PBXBuildFile; fileRef = B87EE76D3EA92990D1CA96B9 /* PrivacyInfo.xcprivacy */; };
		CE245EECE0DEF2C262394F6B /* LayoutMathTests.swift in Sources */ = {isa = PBXBuildFile; fileRef = E42337424805A621FADCC241 /* LayoutMathTests.swift */; };
		CF7E04F6E303A90DA3947D4A /* MobileStore.swift in Sources */ = {isa = PBXBuildFile; fileRef = 8B407C6306CC293CF54036A1 /* MobileStore.swift */; };
		DC9652BB88B557D5B7CED5FE /* ProposalPriceReviewTests.swift in Sources */ = {isa = PBXBuildFile; fileRef = 6EA161FF394BB007D143D5DB /* ProposalPriceReviewTests.swift */; };
		DDE2520C7046DA020D8DB9C0 /* AgentControlPlanTests.swift in Sources */ = {isa = PBXBuildFile; fileRef = 005E737FB143D683852FE490 /* AgentControlPlanTests.swift */; };
		E51F3B135F00DDFD0E7D55A2 /* PushNotificationTests.swift in Sources */ = {isa = PBXBuildFile; fileRef = 8CD0F6E51E8A29D4714465B2 /* PushNotificationTests.swift */; };
		E775D82245F3524DC339DCC4 /* AppTypography.swift in Sources */ = {isa = PBXBuildFile; fileRef = FC9F509664B51F30B581932B /* AppTypography.swift */; };
		EEFE88508B9B9CC94639E02C /* LoginView.swift in Sources */ = {isa = PBXBuildFile; fileRef = 65E9A5E5A0273AC7B97E89D3 /* LoginView.swift */; };
		FCF86D15E740C07E907B1F1D /* PolicyTighteningTests.swift in Sources */ = {isa = PBXBuildFile; fileRef = 245D98F7C0F747E857CB7226 /* PolicyTighteningTests.swift */; };
/* End PBXBuildFile section */

/* Begin PBXContainerItemProxy section */
		27BD273EB79088AA69346048 /* PBXContainerItemProxy */ = {
			isa = PBXContainerItemProxy;
			containerPortal = 65FE2CDE64D62422A77294E0 /* Project object */;
			proxyType = 1;
			remoteGlobalIDString = D2582043B5817BEFCDC92620;
			remoteInfo = SocraticTrade;
		};
/* End PBXContainerItemProxy section */

/* Begin PBXFileReference section */
		005E737FB143D683852FE490 /* AgentControlPlanTests.swift */ = {isa = PBXFileReference; lastKnownFileType = sourcecode.swift; path = AgentControlPlanTests.swift; sourceTree = "<group>"; };
		03611D1B48875FFFC841E481 /* GuardrailsView.swift */ = {isa = PBXFileReference; lastKnownFileType = sourcecode.swift; path = GuardrailsView.swift; sourceTree = "<group>"; };
		042C3DAFDC413C79CE5526F9 /* Lato-Bold.ttf */ = {isa = PBXFileReference; lastKnownFileType = file; path = "Lato-Bold.ttf"; sourceTree = "<group>"; };
		04FCAD7405F1B4180574C644 /* SocraticTrade.app */ = {isa = PBXFileReference; includeInIndex = 0; lastKnownFileType = wrapper.application; path = SocraticTrade.app; sourceTree = BUILT_PRODUCTS_DIR; };
		09F64EED0B9788B036ED3BFA /* policy-contract.json */ = {isa = PBXFileReference; lastKnownFileType = text.json; path = "policy-contract.json"; sourceTree = "<group>"; };
		1104431D2656738961FF9E2E /* AccountMetricsTests.swift */ = {isa = PBXFileReference; lastKnownFileType = sourcecode.swift; path = AccountMetricsTests.swift; sourceTree = "<group>"; };
		1414766425B708D8C45691ED /* HomeView.swift */ = {isa = PBXFileReference; lastKnownFileType = sourcecode.swift; path = HomeView.swift; sourceTree = "<group>"; };
		1A1EC10518F9629B12DBFA3D /* DeskModelsTests.swift */ = {isa = PBXFileReference; lastKnownFileType = sourcecode.swift; path = DeskModelsTests.swift; sourceTree = "<group>"; };
		1B0F3D1878E50D6658B4EA3A /* DeskModels.swift */ = {isa = PBXFileReference; lastKnownFileType = sourcecode.swift; path = DeskModels.swift; sourceTree = "<group>"; };
		23A34A6694A3A24320E058E4 /* MobileModelsTests.swift */ = {isa = PBXFileReference; lastKnownFileType = sourcecode.swift; path = MobileModelsTests.swift; sourceTree = "<group>"; };
		245D98F7C0F747E857CB7226 /* PolicyTighteningTests.swift */ = {isa = PBXFileReference; lastKnownFileType = sourcecode.swift; path = PolicyTighteningTests.swift; sourceTree = "<group>"; };
		31CAA55DF67299F539BE8ECC /* DeepLink.swift */ = {isa = PBXFileReference; lastKnownFileType = sourcecode.swift; path = DeepLink.swift; sourceTree = "<group>"; };
		3677A7585B7699DCBD76615E /* CoachView.swift */ = {isa = PBXFileReference; lastKnownFileType = sourcecode.swift; path = CoachView.swift; sourceTree = "<group>"; };
		3724E63D5409F8827C215758 /* AppUpdatePrompt.swift */ = {isa = PBXFileReference; lastKnownFileType = sourcecode.swift; path = AppUpdatePrompt.swift; sourceTree = "<group>"; };
		37C2568FFF3FB30F96619E8E /* PreviewSupport.swift */ = {isa = PBXFileReference; lastKnownFileType = sourcecode.swift; path = PreviewSupport.swift; sourceTree = "<group>"; };
		38386F538E5ECC5191294B9A /* AppComponents.swift */ = {isa = PBXFileReference; lastKnownFileType = sourcecode.swift; path = AppComponents.swift; sourceTree = "<group>"; };
		3F73B7DC3AC7076311C24456 /* PushNotifications.swift */ = {isa = PBXFileReference; lastKnownFileType = sourcecode.swift; path = PushNotifications.swift; sourceTree = "<group>"; };
		40B15024373F200D860968ED /* AppTypographyTests.swift */ = {isa = PBXFileReference; lastKnownFileType = sourcecode.swift; path = AppTypographyTests.swift; sourceTree = "<group>"; };
		46F9B58AE392D9B952212857 /* MobileModels.swift */ = {isa = PBXFileReference; lastKnownFileType = sourcecode.swift; path = MobileModels.swift; sourceTree = "<group>"; };
		4EC2A15B7990BAD6A58CF90F /* CoachMarkdown.swift */ = {isa = PBXFileReference; lastKnownFileType = sourcecode.swift; path = CoachMarkdown.swift; sourceTree = "<group>"; };
		505CFD83F8A4DB57C8C6B26B /* UserFacingCopyTests.swift */ = {isa = PBXFileReference; lastKnownFileType = sourcecode.swift; path = UserFacingCopyTests.swift; sourceTree = "<group>"; };
		50946B1368FEFB6B6B20116D /* SocraticTradeTests.xctest */ = {isa = PBXFileReference; includeInIndex = 0; lastKnownFileType = wrapper.cfbundle; path = SocraticTradeTests.xctest; sourceTree = BUILT_PRODUCTS_DIR; };
		5106B1DF419D29BCC1717594 /* ProposalPriceReview.swift */ = {isa = PBXFileReference; lastKnownFileType = sourcecode.swift; path = ProposalPriceReview.swift; sourceTree = "<group>"; };
		511D91AD0BC588F44749DC59 /* CandleWordmarkTests.swift */ = {isa = PBXFileReference; lastKnownFileType = sourcecode.swift; path = CandleWordmarkTests.swift; sourceTree = "<group>"; };
		552372DC3315B434227861EE /* Lato-Regular.ttf */ = {isa = PBXFileReference; lastKnownFileType = file; path = "Lato-Regular.ttf"; sourceTree = "<group>"; };
		5F94CABB7BE5CB871622BADD /* SocraticTradeApp.swift */ = {isa = PBXFileReference; lastKnownFileType = sourcecode.swift; path = SocraticTradeApp.swift; sourceTree = "<group>"; };
		64D21DA3DA51118F65691FBE /* Assets.xcassets */ = {isa = PBXFileReference; lastKnownFileType = folder.assetcatalog; path = Assets.xcassets; sourceTree = "<group>"; };
		64FD6B1AE752DEF0DB8C719D /* LATO-OFL.txt */ = {isa = PBXFileReference; lastKnownFileType = text; path = "LATO-OFL.txt"; sourceTree = "<group>"; };
		65E9A5E5A0273AC7B97E89D3 /* LoginView.swift */ = {isa = PBXFileReference; lastKnownFileType = sourcecode.swift; path = LoginView.swift; sourceTree = "<group>"; };
		6B078CF6C158BBF3E54734FC /* Lato-Black.ttf */ = {isa = PBXFileReference; lastKnownFileType = file; path = "Lato-Black.ttf"; sourceTree = "<group>"; };
		6BB7CC629CAE02EBB9308DC5 /* DataSourcesSettings.swift */ = {isa = PBXFileReference; lastKnownFileType = sourcecode.swift; path = DataSourcesSettings.swift; sourceTree = "<group>"; };
		6C59D290B3E70A1F9606F659 /* AdminPortalView.swift */ = {isa = PBXFileReference; lastKnownFileType = sourcecode.swift; path = AdminPortalView.swift; sourceTree = "<group>"; };
		6EA161FF394BB007D143D5DB /* ProposalPriceReviewTests.swift */ = {isa = PBXFileReference; lastKnownFileType = sourcecode.swift; path = ProposalPriceReviewTests.swift; sourceTree = "<group>"; };
		728EAC5AE3C4358672EBAEED /* TabPreferencesTests.swift */ = {isa = PBXFileReference; lastKnownFileType = sourcecode.swift; path = TabPreferencesTests.swift; sourceTree = "<group>"; };
		761C0F1E45ABE2373664A335 /* ActivityView.swift */ = {isa = PBXFileReference; lastKnownFileType = sourcecode.swift; path = ActivityView.swift; sourceTree = "<group>"; };
		881F862498FE996BFC88C037 /* ResultsView.swift */ = {isa = PBXFileReference; lastKnownFileType = sourcecode.swift; path = ResultsView.swift; sourceTree = "<group>"; };
		89D3AB0C26BB7394334E998E /* MobileAPIClient.swift */ = {isa = PBXFileReference; lastKnownFileType = sourcecode.swift; path = MobileAPIClient.swift; sourceTree = "<group>"; };
		8B407C6306CC293CF54036A1 /* MobileStore.swift */ = {isa = PBXFileReference; lastKnownFileType = sourcecode.swift; path = MobileStore.swift; sourceTree = "<group>"; };
		8CD0F6E51E8A29D4714465B2 /* PushNotificationTests.swift */ = {isa = PBXFileReference; lastKnownFileType = sourcecode.swift; path = PushNotificationTests.swift; sourceTree = "<group>"; };
		8FD3EFCF82E664100A11FC33 /* MobileControlView.swift */ = {isa = PBXFileReference; lastKnownFileType = sourcecode.swift; path = MobileControlView.swift; sourceTree = "<group>"; };
		9E30F86884C90A0B81A3377F /* PolicyTightening.swift */ = {isa = PBXFileReference; lastKnownFileType = sourcecode.swift; path = PolicyTightening.swift; sourceTree = "<group>"; };
		A1CC6784F07066C7C065671F /* AgentControlPlan.swift */ = {isa = PBXFileReference; lastKnownFileType = sourcecode.swift; path = AgentControlPlan.swift; sourceTree = "<group>"; };
		A2A1EE920003A215DF994CE9 /* AppUpdatePromptTests.swift */ = {isa = PBXFileReference; lastKnownFileType = sourcecode.swift; path = AppUpdatePromptTests.swift; sourceTree = "<group>"; };
		A3125CC92E339D3923013056 /* SymbolInfoSheet.swift */ = {isa = PBXFileReference; lastKnownFileType = sourcecode.swift; path = SymbolInfoSheet.swift; sourceTree = "<group>"; };
		AA6AA7A53A726CB69203EDD4 /* DeepLinkTests.swift */ = {isa = PBXFileReference; lastKnownFileType = sourcecode.swift; path = DeepLinkTests.swift; sourceTree = "<group>"; };
		B87EE76D3EA92990D1CA96B9 /* PrivacyInfo.xcprivacy */ = {isa = PBXFileReference; path = PrivacyInfo.xcprivacy; sourceTree = "<group>"; };
		C0675693E793B52F16CA3C08 /* CoachMarkdownTests.swift */ = {isa = PBXFileReference; lastKnownFileType = sourcecode.swift; path = CoachMarkdownTests.swift; sourceTree = "<group>"; };
		C4EC1C98F388A1CA9E6334EB /* ControlCatalogTests.swift */ = {isa = PBXFileReference; lastKnownFileType = sourcecode.swift; path = ControlCatalogTests.swift; sourceTree = "<group>"; };
		C5557CAA4F581AB7FB8F8234 /* OrderCancelTests.swift */ = {isa = PBXFileReference; lastKnownFileType = sourcecode.swift; path = OrderCancelTests.swift; sourceTree = "<group>"; };
		C5DB2224CAACE329BCE50890 /* Lato-Italic.ttf */ = {isa = PBXFileReference; lastKnownFileType = file; path = "Lato-Italic.ttf"; sourceTree = "<group>"; };
		D112E8C717D899B0AFF0B6E5 /* CandleWordmarkView.swift */ = {isa = PBXFileReference; lastKnownFileType = sourcecode.swift; path = CandleWordmarkView.swift; sourceTree = "<group>"; };
		D351D03CEAFD6CD1EB4536FD /* MarketsView.swift */ = {isa = PBXFileReference; lastKnownFileType = sourcecode.swift; path = MarketsView.swift; sourceTree = "<group>"; };
		DD460CC2D17E0F0B061B372A /* InsightsView.swift */ = {isa = PBXFileReference; lastKnownFileType = sourcecode.swift; path = InsightsView.swift; sourceTree = "<group>"; };
		E42337424805A621FADCC241 /* LayoutMathTests.swift */ = {isa = PBXFileReference; lastKnownFileType = sourcecode.swift; path = LayoutMathTests.swift; sourceTree = "<group>"; };
		EC1C49575DCB6DA8E8D65CD7 /* ProposalsView.swift */ = {isa = PBXFileReference; lastKnownFileType = sourcecode.swift; path = ProposalsView.swift; sourceTree = "<group>"; };
		EF789FDEB98C62C5D8A12A7F /* RunStateDerivationTests.swift */ = {isa = PBXFileReference; lastKnownFileType = sourcecode.swift; path = RunStateDerivationTests.swift; sourceTree = "<group>"; };
		F19EB749596630BC4A2EF149 /* ScanView.swift */ = {isa = PBXFileReference; lastKnownFileType = sourcecode.swift; path = ScanView.swift; sourceTree = "<group>"; };
		F465E5B4A0E3C941A01A8640 /* OrderCancel.swift */ = {isa = PBXFileReference; lastKnownFileType = sourcecode.swift; path = OrderCancel.swift; sourceTree = "<group>"; };
		FC9F509664B51F30B581932B /* AppTypography.swift */ = {isa = PBXFileReference; lastKnownFileType = sourcecode.swift; path = AppTypography.swift; sourceTree = "<group>"; };
/* End PBXFileReference section */

/* Begin PBXGroup section */
		008B71438D3CFDB4D27347DF = {
			isa = PBXGroup;
			children = (
				062CEF8FEA3EFD091CDD619D /* SocraticTrade */,
				6C5E76B26EEA71F469806853 /* SocraticTradeTests */,
				20E63D98EDABA6D29C136796 /* Products */,
			);
			sourceTree = "<group>";
		};
		062CEF8FEA3EFD091CDD619D /* SocraticTrade */ = {
			isa = PBXGroup;
			children = (
				E1435EB17748A8296DAE65FD /* Fonts */,
				761C0F1E45ABE2373664A335 /* ActivityView.swift */,
				6C59D290B3E70A1F9606F659 /* AdminPortalView.swift */,
				A1CC6784F07066C7C065671F /* AgentControlPlan.swift */,
				38386F538E5ECC5191294B9A /* AppComponents.swift */,
				FC9F509664B51F30B581932B /* AppTypography.swift */,
				3724E63D5409F8827C215758 /* AppUpdatePrompt.swift */,
				64D21DA3DA51118F65691FBE /* Assets.xcassets */,
				D112E8C717D899B0AFF0B6E5 /* CandleWordmarkView.swift */,
				4EC2A15B7990BAD6A58CF90F /* CoachMarkdown.swift */,
				3677A7585B7699DCBD76615E /* CoachView.swift */,
				6BB7CC629CAE02EBB9308DC5 /* DataSourcesSettings.swift */,
				31CAA55DF67299F539BE8ECC /* DeepLink.swift */,
				1B0F3D1878E50D6658B4EA3A /* DeskModels.swift */,
				03611D1B48875FFFC841E481 /* GuardrailsView.swift */,
				1414766425B708D8C45691ED /* HomeView.swift */,
				DD460CC2D17E0F0B061B372A /* InsightsView.swift */,
				65E9A5E5A0273AC7B97E89D3 /* LoginView.swift */,
				D351D03CEAFD6CD1EB4536FD /* MarketsView.swift */,
				89D3AB0C26BB7394334E998E /* MobileAPIClient.swift */,
				8FD3EFCF82E664100A11FC33 /* MobileControlView.swift */,
				46F9B58AE392D9B952212857 /* MobileModels.swift */,
				8B407C6306CC293CF54036A1 /* MobileStore.swift */,
				F465E5B4A0E3C941A01A8640 /* OrderCancel.swift */,
				9E30F86884C90A0B81A3377F /* PolicyTightening.swift */,
				37C2568FFF3FB30F96619E8E /* PreviewSupport.swift */,
				B87EE76D3EA92990D1CA96B9 /* PrivacyInfo.xcprivacy */,
				5106B1DF419D29BCC1717594 /* ProposalPriceReview.swift */,
				EC1C49575DCB6DA8E8D65CD7 /* ProposalsView.swift */,
				3F73B7DC3AC7076311C24456 /* PushNotifications.swift */,
				881F862498FE996BFC88C037 /* ResultsView.swift */,
				F19EB749596630BC4A2EF149 /* ScanView.swift */,
				5F94CABB7BE5CB871622BADD /* SocraticTradeApp.swift */,
				A3125CC92E339D3923013056 /* SymbolInfoSheet.swift */,
			);
			path = SocraticTrade;
			sourceTree = "<group>";
		};
		20E63D98EDABA6D29C136796 /* Products */ = {
			isa = PBXGroup;
			children = (
				04FCAD7405F1B4180574C644 /* SocraticTrade.app */,
				50946B1368FEFB6B6B20116D /* SocraticTradeTests.xctest */,
			);
			name = Products;
			sourceTree = "<group>";
		};
		6C5E76B26EEA71F469806853 /* SocraticTradeTests */ = {
			isa = PBXGroup;
			children = (
				9320706A10B83DA3F02D6628 /* Fixtures */,
				1104431D2656738961FF9E2E /* AccountMetricsTests.swift */,
				005E737FB143D683852FE490 /* AgentControlPlanTests.swift */,
				40B15024373F200D860968ED /* AppTypographyTests.swift */,
				A2A1EE920003A215DF994CE9 /* AppUpdatePromptTests.swift */,
				511D91AD0BC588F44749DC59 /* CandleWordmarkTests.swift */,
				C0675693E793B52F16CA3C08 /* CoachMarkdownTests.swift */,
				C4EC1C98F388A1CA9E6334EB /* ControlCatalogTests.swift */,
				AA6AA7A53A726CB69203EDD4 /* DeepLinkTests.swift */,
				1A1EC10518F9629B12DBFA3D /* DeskModelsTests.swift */,
				E42337424805A621FADCC241 /* LayoutMathTests.swift */,
				23A34A6694A3A24320E058E4 /* MobileModelsTests.swift */,
				C5557CAA4F581AB7FB8F8234 /* OrderCancelTests.swift */,
				245D98F7C0F747E857CB7226 /* PolicyTighteningTests.swift */,
				6EA161FF394BB007D143D5DB /* ProposalPriceReviewTests.swift */,
				8CD0F6E51E8A29D4714465B2 /* PushNotificationTests.swift */,
				EF789FDEB98C62C5D8A12A7F /* RunStateDerivationTests.swift */,
				728EAC5AE3C4358672EBAEED /* TabPreferencesTests.swift */,
				505CFD83F8A4DB57C8C6B26B /* UserFacingCopyTests.swift */,
			);
			path = SocraticTradeTests;
			sourceTree = "<group>";
		};
		9320706A10B83DA3F02D6628 /* Fixtures */ = {
			isa = PBXGroup;
			children = (
				09F64EED0B9788B036ED3BFA /* policy-contract.json */,
			);
			path = Fixtures;
			sourceTree = "<group>";
		};
		E1435EB17748A8296DAE65FD /* Fonts */ = {
			isa = PBXGroup;
			children = (
				6B078CF6C158BBF3E54734FC /* Lato-Black.ttf */,
				042C3DAFDC413C79CE5526F9 /* Lato-Bold.ttf */,
				C5DB2224CAACE329BCE50890 /* Lato-Italic.ttf */,
				64FD6B1AE752DEF0DB8C719D /* LATO-OFL.txt */,
				552372DC3315B434227861EE /* Lato-Regular.ttf */,
			);
			path = Fonts;
			sourceTree = "<group>";
		};
/* End PBXGroup section */

/* Begin PBXNativeTarget section */
		67CB33DBCE2CA3B6C5A9F6EE /* SocraticTradeTests */ = {
			isa = PBXNativeTarget;
			buildConfigurationList = 62428D1776F306A1A696E24B /* Build configuration list for PBXNativeTarget "SocraticTradeTests" */;
			buildPhases = (
				87B05EB34EEE50FFDAF215D2 /* Sources */,
				23D5468C351CBF10ABA29C58 /* Resources */,
			);
			buildRules = (
			);
			dependencies = (
				08B52C21F0D7413ED4D89897 /* PBXTargetDependency */,
			);
			name = SocraticTradeTests;
			packageProductDependencies = (
			);
			productName = SocraticTradeTests;
			productReference = 50946B1368FEFB6B6B20116D /* SocraticTradeTests.xctest */;
			productType = "com.apple.product-type.bundle.unit-test";
		};
		D2582043B5817BEFCDC92620 /* SocraticTrade */ = {
			isa = PBXNativeTarget;
			buildConfigurationList = E10E52FCFDEE97EBACBA1AD0 /* Build configuration list for PBXNativeTarget "SocraticTrade" */;
			buildPhases = (
				B9EA7039E595AD8D53B6B2F3 /* Sources */,
				3E11AAB697E85D67C9C0A9F7 /* Resources */,
			);
			buildRules = (
			);
			dependencies = (
			);
			name = SocraticTrade;
			packageProductDependencies = (
			);
			productName = SocraticTrade;
			productReference = 04FCAD7405F1B4180574C644 /* SocraticTrade.app */;
			productType = "com.apple.product-type.application";
		};
/* End PBXNativeTarget section */

/* Begin PBXProject section */
		65FE2CDE64D62422A77294E0 /* Project object */ = {
			isa = PBXProject;
			attributes = {
				BuildIndependentTargetsInParallel = YES;
				LastUpgradeCheck = 2630;
				TargetAttributes = {
					67CB33DBCE2CA3B6C5A9F6EE = {
						DevelopmentTeam = CC8UTF7ATG;
						ProvisioningStyle = Automatic;
					};
					D2582043B5817BEFCDC92620 = {
						DevelopmentTeam = CC8UTF7ATG;
						ProvisioningStyle = Automatic;
					};
				};
			};
			buildConfigurationList = 32D6A52A3F7A60C66352369B /* Build configuration list for PBXProject "Socratic Trade" */;
			developmentRegion = en;
			hasScannedForEncodings = 0;
			knownRegions = (
				Base,
				en,
			);
			mainGroup = 008B71438D3CFDB4D27347DF;
			minimizedProjectReferenceProxies = 1;
			preferredProjectObjectVersion = 100;
			productRefGroup = 20E63D98EDABA6D29C136796 /* Products */;
			projectDirPath = "";
			projectRoot = "";
			targets = (
				D2582043B5817BEFCDC92620 /* SocraticTrade */,
				67CB33DBCE2CA3B6C5A9F6EE /* SocraticTradeTests */,
			);
		};
/* End PBXProject section */

/* Begin PBXResourcesBuildPhase section */
		23D5468C351CBF10ABA29C58 /* Resources */ = {
			isa = PBXResourcesBuildPhase;
			buildActionMask = 2147483647;
			files = (
				700A4F7309B4940998C8190B /* policy-contract.json in Resources */,
			);
			runOnlyForDeploymentPostprocessing = 0;
		};
		3E11AAB697E85D67C9C0A9F7 /* Resources */ = {
			isa = PBXResourcesBuildPhase;
			buildActionMask = 2147483647;
			files = (
				16C32102BDAA57BDDC9BC51E /* Assets.xcassets in Resources */,
				59A784D6939E343235F74CF3 /* LATO-OFL.txt in Resources */,
				9A2713B013C93FDA2F9ECCE9 /* Lato-Black.ttf in Resources */,
				33303D981912E771B2711FDE /* Lato-Bold.ttf in Resources */,
				AADECAD991DC4AEB91852D42 /* Lato-Italic.ttf in Resources */,
				3D5C036934C466C235DAB70A /* Lato-Regular.ttf in Resources */,
				CD52ABAB004A7F1000A42C01 /* PrivacyInfo.xcprivacy in Resources */,
			);
			runOnlyForDeploymentPostprocessing = 0;
		};
/* End PBXResourcesBuildPhase section */

/* Begin PBXSourcesBuildPhase section */
		87B05EB34EEE50FFDAF215D2 /* Sources */ = {
			isa = PBXSourcesBuildPhase;
			buildActionMask = 2147483647;
			files = (
				85DC43A7311763C033D46DC8 /* AccountMetricsTests.swift in Sources */,
				DDE2520C7046DA020D8DB9C0 /* AgentControlPlanTests.swift in Sources */,
				8FC9AE92C498E935EB550AAF /* AppTypographyTests.swift in Sources */,
				63208ADA82E6CF5D9A88E88E /* AppUpdatePromptTests.swift in Sources */,
				C39AC4C21712AD198B7A1753 /* CandleWordmarkTests.swift in Sources */,
				3F6D25500B614E3C6F0140E0 /* CoachMarkdownTests.swift in Sources */,
				07819F3774A506ECF52D5F38 /* ControlCatalogTests.swift in Sources */,
				BF68D663A3173029BEEC52D8 /* DeepLinkTests.swift in Sources */,
				8299FA4E767A17105773101F /* DeskModelsTests.swift in Sources */,
				CE245EECE0DEF2C262394F6B /* LayoutMathTests.swift in Sources */,
				8C402A017E39D5CF92861A85 /* MobileModelsTests.swift in Sources */,
				6B532570C7BE012A3EF3D070 /* OrderCancelTests.swift in Sources */,
				FCF86D15E740C07E907B1F1D /* PolicyTighteningTests.swift in Sources */,
				DC9652BB88B557D5B7CED5FE /* ProposalPriceReviewTests.swift in Sources */,
				E51F3B135F00DDFD0E7D55A2 /* PushNotificationTests.swift in Sources */,
				1F37FE2BA14490285C0A0156 /* RunStateDerivationTests.swift in Sources */,
				C3BB26F6D86DD0C45B1EBEFC /* TabPreferencesTests.swift in Sources */,
				7E98F3E600F596650127865C /* UserFacingCopyTests.swift in Sources */,
			);
			runOnlyForDeploymentPostprocessing = 0;
		};
		B9EA7039E595AD8D53B6B2F3 /* Sources */ = {
			isa = PBXSourcesBuildPhase;
			buildActionMask = 2147483647;
			files = (
				ACF83840AA1DAFC72B2A59AE /* ActivityView.swift in Sources */,
				C4C5A007566AD8E6187289D7 /* AdminPortalView.swift in Sources */,
				6F472653B6E7B573907DEB0E /* AgentControlPlan.swift in Sources */,
				96788F467DDE0AEBD26DBE2E /* AppComponents.swift in Sources */,
				E775D82245F3524DC339DCC4 /* AppTypography.swift in Sources */,
				A08ECA51E20EFDE9EEA75142 /* AppUpdatePrompt.swift in Sources */,
				C67CC3242AE041DFAE3A419E /* CandleWordmarkView.swift in Sources */,
				24BC1C267A8A15E430484C5F /* CoachMarkdown.swift in Sources */,
				C4C927EE875067C7AA54170A /* CoachView.swift in Sources */,
				3648AC8A513158C9BD6D2031 /* DataSourcesSettings.swift in Sources */,
				B4F889FDC384BEA36BB16F23 /* DeepLink.swift in Sources */,
				2C1779425589D75D5DC80748 /* DeskModels.swift in Sources */,
				25C68C0432E8A4913913AE9F /* GuardrailsView.swift in Sources */,
				0D33482A75E80E8B8393568C /* HomeView.swift in Sources */,
				84A3825A59F57AD4C4DEE18D /* InsightsView.swift in Sources */,
				EEFE88508B9B9CC94639E02C /* LoginView.swift in Sources */,
				AD51C8FEF98EF6F4E763A044 /* MarketsView.swift in Sources */,
				5601AC0021A8D0D6F3C5E27F /* MobileAPIClient.swift in Sources */,
				4298F7ACB07D50EE61F0ECB9 /* MobileControlView.swift in Sources */,
				97E7970C650099475A424225 /* MobileModels.swift in Sources */,
				CF7E04F6E303A90DA3947D4A /* MobileStore.swift in Sources */,
				57D0CB9616F87E24C6148836 /* OrderCancel.swift in Sources */,
				A4213D46A2C04A5211D908CA /* PolicyTightening.swift in Sources */,
				51FE4A579117BE3605C107D9 /* PreviewSupport.swift in Sources */,
				00A64670386CFB976BCA05B3 /* ProposalPriceReview.swift in Sources */,
				A0B35AC0FE7982512B0E4796 /* ProposalsView.swift in Sources */,
				18483B89B5039BD1C62B723D /* PushNotifications.swift in Sources */,
				B1F8A39D5E855B1CEC1264C1 /* ResultsView.swift in Sources */,
				06E671465D00C0E5D6FE1552 /* ScanView.swift in Sources */,
				20459811A20F559A78FC18B3 /* SocraticTradeApp.swift in Sources */,
				27D79C4CCEC77B61D399EE85 /* SymbolInfoSheet.swift in Sources */,
			);
			runOnlyForDeploymentPostprocessing = 0;
		};
/* End PBXSourcesBuildPhase section */

/* Begin PBXTargetDependency section */
		08B52C21F0D7413ED4D89897 /* PBXTargetDependency */ = {
			isa = PBXTargetDependency;
			target = D2582043B5817BEFCDC92620 /* SocraticTrade */;
			targetProxy = 27BD273EB79088AA69346048 /* PBXContainerItemProxy */;
		};
/* End PBXTargetDependency section */

/* Begin XCBuildConfiguration section */
		2698B67B204D4E2C15E8B834 /* Release */ = {
			isa = XCBuildConfiguration;
			buildSettings = {
				ALWAYS_SEARCH_USER_PATHS = NO;
				CLANG_ANALYZER_NONNULL = YES;
				CLANG_ANALYZER_NUMBER_OBJECT_CONVERSION = YES_AGGRESSIVE;
				CLANG_CXX_LANGUAGE_STANDARD = "gnu++14";
				CLANG_CXX_LIBRARY = "libc++";
				CLANG_ENABLE_MODULES = YES;
				CLANG_ENABLE_OBJC_ARC = YES;
				CLANG_ENABLE_OBJC_WEAK = YES;
				CLANG_WARN_BLOCK_CAPTURE_AUTORELEASING = YES;
				CLANG_WARN_BOOL_CONVERSION = YES;
				CLANG_WARN_COMMA = YES;
				CLANG_WARN_CONSTANT_CONVERSION = YES;
				CLANG_WARN_DEPRECATED_OBJC_IMPLEMENTATIONS = YES;
				CLANG_WARN_DIRECT_OBJC_ISA_USAGE = YES_ERROR;
				CLANG_WARN_DOCUMENTATION_COMMENTS = YES;
				CLANG_WARN_EMPTY_BODY = YES;
				CLANG_WARN_ENUM_CONVERSION = YES;
				CLANG_WARN_INFINITE_RECURSION = YES;
				CLANG_WARN_INT_CONVERSION = YES;
				CLANG_WARN_NON_LITERAL_NULL_CONVERSION = YES;
				CLANG_WARN_OBJC_IMPLICIT_RETAIN_SELF = YES;
				CLANG_WARN_OBJC_LITERAL_CONVERSION = YES;
				CLANG_WARN_OBJC_ROOT_CLASS = YES_ERROR;
				CLANG_WARN_QUOTED_INCLUDE_IN_FRAMEWORK_HEADER = YES;
				CLANG_WARN_RANGE_LOOP_ANALYSIS = YES;
				CLANG_WARN_STRICT_PROTOTYPES = YES;
				CLANG_WARN_SUSPICIOUS_MOVE = YES;
				CLANG_WARN_UNGUARDED_AVAILABILITY = YES_AGGRESSIVE;
				CLANG_WARN_UNREACHABLE_CODE = YES;
				CLANG_WARN__DUPLICATE_METHOD_MATCH = YES;
				COPY_PHASE_STRIP = NO;
				CURRENT_PROJECT_VERSION = 202608132022;
				DEBUG_INFORMATION_FORMAT = "dwarf-with-dsym";
				ENABLE_NS_ASSERTIONS = NO;
				ENABLE_STRICT_OBJC_MSGSEND = YES;
				GCC_C_LANGUAGE_STANDARD = gnu11;
				GCC_NO_COMMON_BLOCKS = YES;
				GCC_WARN_64_TO_32_BIT_CONVERSION = YES;
				GCC_WARN_ABOUT_RETURN_TYPE = YES_ERROR;
				GCC_WARN_UNDECLARED_SELECTOR = YES;
				GCC_WARN_UNINITIALIZED_AUTOS = YES_AGGRESSIVE;
				GCC_WARN_UNUSED_FUNCTION = YES;
				GCC_WARN_UNUSED_VARIABLE = YES;
				INFOPLIST_KEY_CFBundleDisplayName = "Socratic Trade";
				INFOPLIST_KEY_LSApplicationCategoryType = "public.app-category.finance";
				IPHONEOS_DEPLOYMENT_TARGET = 18.0;
				MACOSX_DEPLOYMENT_TARGET = 15.0;
				MARKETING_VERSION = 1.0.8;
				MTL_ENABLE_DEBUG_INFO = NO;
				MTL_FAST_MATH = YES;
				PRODUCT_NAME = "$(TARGET_NAME)";
				SDKROOT = iphoneos;
				SWIFT_COMPILATION_MODE = wholemodule;
				SWIFT_OPTIMIZATION_LEVEL = "-O";
				SWIFT_VERSION = 5.9;
			};
			name = Release;
		};
		4F8ABFABE6509E89E359BEE3 /* Debug */ = {
			isa = XCBuildConfiguration;
			buildSettings = {
				BUNDLE_LOADER = "$(TEST_HOST)";
				CODE_SIGN_STYLE = Automatic;
				DEVELOPMENT_TEAM = CC8UTF7ATG;
				GENERATE_INFOPLIST_FILE = YES;
				LD_RUNPATH_SEARCH_PATHS = (
					"$(inherited)",
					"@executable_path/Frameworks",
					"@loader_path/Frameworks",
				);
				PRODUCT_BUNDLE_IDENTIFIER = trade.socratic.app.tests;
				SDKROOT = iphoneos;
				TARGETED_DEVICE_FAMILY = "1,2";
				TEST_HOST = "$(BUILT_PRODUCTS_DIR)/Socratic Trade.app/Socratic Trade";
			};
			name = Debug;
		};
		71E4C79DE4F5CA5A91E5A3C4 /* Debug */ = {
			isa = XCBuildConfiguration;
			buildSettings = {
				ALWAYS_SEARCH_USER_PATHS = NO;
				CLANG_ANALYZER_NONNULL = YES;
				CLANG_ANALYZER_NUMBER_OBJECT_CONVERSION = YES_AGGRESSIVE;
				CLANG_CXX_LANGUAGE_STANDARD = "gnu++14";
				CLANG_CXX_LIBRARY = "libc++";
				CLANG_ENABLE_MODULES = YES;
				CLANG_ENABLE_OBJC_ARC = YES;
				CLANG_ENABLE_OBJC_WEAK = YES;
				CLANG_WARN_BLOCK_CAPTURE_AUTORELEASING = YES;
				CLANG_WARN_BOOL_CONVERSION = YES;
				CLANG_WARN_COMMA = YES;
				CLANG_WARN_CONSTANT_CONVERSION = YES;
				CLANG_WARN_DEPRECATED_OBJC_IMPLEMENTATIONS = YES;
				CLANG_WARN_DIRECT_OBJC_ISA_USAGE = YES_ERROR;
				CLANG_WARN_DOCUMENTATION_COMMENTS = YES;
				CLANG_WARN_EMPTY_BODY = YES;
				CLANG_WARN_ENUM_CONVERSION = YES;
				CLANG_WARN_INFINITE_RECURSION = YES;
				CLANG_WARN_INT_CONVERSION = YES;
				CLANG_WARN_NON_LITERAL_NULL_CONVERSION = YES;
				CLANG_WARN_OBJC_IMPLICIT_RETAIN_SELF = YES;
				CLANG_WARN_OBJC_LITERAL_CONVERSION = YES;
				CLANG_WARN_OBJC_ROOT_CLASS = YES_ERROR;
				CLANG_WARN_QUOTED_INCLUDE_IN_FRAMEWORK_HEADER = YES;
				CLANG_WARN_RANGE_LOOP_ANALYSIS = YES;
				CLANG_WARN_STRICT_PROTOTYPES = YES;
				CLANG_WARN_SUSPICIOUS_MOVE = YES;
				CLANG_WARN_UNGUARDED_AVAILABILITY = YES_AGGRESSIVE;
				CLANG_WARN_UNREACHABLE_CODE = YES;
				CLANG_WARN__DUPLICATE_METHOD_MATCH = YES;
				COPY_PHASE_STRIP = NO;
				CURRENT_PROJECT_VERSION = 202608132022;
				DEBUG_INFORMATION_FORMAT = dwarf;
				ENABLE_STRICT_OBJC_MSGSEND = YES;
				ENABLE_TESTABILITY = YES;
				GCC_C_LANGUAGE_STANDARD = gnu11;
				GCC_DYNAMIC_NO_PIC = NO;
				GCC_NO_COMMON_BLOCKS = YES;
				GCC_OPTIMIZATION_LEVEL = 0;
				GCC_PREPROCESSOR_DEFINITIONS = (
					"$(inherited)",
					"DEBUG=1",
				);
				GCC_WARN_64_TO_32_BIT_CONVERSION = YES;
				GCC_WARN_ABOUT_RETURN_TYPE = YES_ERROR;
				GCC_WARN_UNDECLARED_SELECTOR = YES;
				GCC_WARN_UNINITIALIZED_AUTOS = YES_AGGRESSIVE;
				GCC_WARN_UNUSED_FUNCTION = YES;
				GCC_WARN_UNUSED_VARIABLE = YES;
				INFOPLIST_KEY_CFBundleDisplayName = "Socratic Trade";
				INFOPLIST_KEY_LSApplicationCategoryType = "public.app-category.finance";
				IPHONEOS_DEPLOYMENT_TARGET = 18.0;
				MACOSX_DEPLOYMENT_TARGET = 15.0;
				MARKETING_VERSION = 1.0.8;
				MTL_ENABLE_DEBUG_INFO = INCLUDE_SOURCE;
				MTL_FAST_MATH = YES;
				ONLY_ACTIVE_ARCH = YES;
				PRODUCT_NAME = "$(TARGET_NAME)";
				SDKROOT = iphoneos;
				SWIFT_ACTIVE_COMPILATION_CONDITIONS = DEBUG;
				SWIFT_OPTIMIZATION_LEVEL = "-Onone";
				SWIFT_VERSION = 5.9;
			};
			name = Debug;
		};
		8FD29B64A4060D045D0F6D6F /* Release */ = {
			isa = XCBuildConfiguration;
			buildSettings = {
				BUNDLE_LOADER = "$(TEST_HOST)";
				CODE_SIGN_STYLE = Automatic;
				DEVELOPMENT_TEAM = CC8UTF7ATG;
				GENERATE_INFOPLIST_FILE = YES;
				LD_RUNPATH_SEARCH_PATHS = (
					"$(inherited)",
					"@executable_path/Frameworks",
					"@loader_path/Frameworks",
				);
				PRODUCT_BUNDLE_IDENTIFIER = trade.socratic.app.tests;
				SDKROOT = iphoneos;
				TARGETED_DEVICE_FAMILY = "1,2";
				TEST_HOST = "$(BUILT_PRODUCTS_DIR)/Socratic Trade.app/Socratic Trade";
			};
			name = Release;
		};
		D6D532F502E99C854D613F23 /* Debug */ = {
			isa = XCBuildConfiguration;
			buildSettings = {
				ASSETCATALOG_COMPILER_APPICON_NAME = AppIcon;
				CODE_SIGN_ENTITLEMENTS = SocraticTrade/SocraticTrade.entitlements;
				CODE_SIGN_IDENTITY = "iPhone Developer";
				CODE_SIGN_STYLE = Automatic;
				DEVELOPMENT_TEAM = CC8UTF7ATG;
				INFOPLIST_FILE = SocraticTrade/Info.plist;
				LD_RUNPATH_SEARCH_PATHS = (
					"$(inherited)",
					"@executable_path/Frameworks",
				);
				PRODUCT_BUNDLE_IDENTIFIER = trade.socratic.app;
				PRODUCT_MODULE_NAME = SocraticTrade;
				PRODUCT_NAME = "Socratic Trade";
				SDKROOT = iphoneos;
				SUPPORTS_MACCATALYST = YES;
				TARGETED_DEVICE_FAMILY = "1,2,6";
			};
			name = Debug;
		};
		F98A8722D53DE02D2347A71D /* Release */ = {
			isa = XCBuildConfiguration;
			buildSettings = {
				ASSETCATALOG_COMPILER_APPICON_NAME = AppIcon;
				CODE_SIGN_ENTITLEMENTS = SocraticTrade/SocraticTrade.entitlements;
				CODE_SIGN_IDENTITY = "iPhone Developer";
				CODE_SIGN_STYLE = Automatic;
				DEVELOPMENT_TEAM = CC8UTF7ATG;
				INFOPLIST_FILE = SocraticTrade/Info.plist;
				LD_RUNPATH_SEARCH_PATHS = (
					"$(inherited)",
					"@executable_path/Frameworks",
				);
				PRODUCT_BUNDLE_IDENTIFIER = trade.socratic.app;
				PRODUCT_MODULE_NAME = SocraticTrade;
				PRODUCT_NAME = "Socratic Trade";
				SDKROOT = iphoneos;
				SUPPORTS_MACCATALYST = YES;
				TARGETED_DEVICE_FAMILY = "1,2,6";
			};
			name = Release;
		};
/* End XCBuildConfiguration section */

/* Begin XCConfigurationList section */
		32D6A52A3F7A60C66352369B /* Build configuration list for PBXProject "Socratic Trade" */ = {
			isa = XCConfigurationList;
			buildConfigurations = (
				71E4C79DE4F5CA5A91E5A3C4 /* Debug */,
				2698B67B204D4E2C15E8B834 /* Release */,
			);
			defaultConfigurationIsVisible = 0;
			defaultConfigurationName = Debug;
		};
		62428D1776F306A1A696E24B /* Build configuration list for PBXNativeTarget "SocraticTradeTests" */ = {
			isa = XCConfigurationList;
			buildConfigurations = (
				4F8ABFABE6509E89E359BEE3 /* Debug */,
				8FD29B64A4060D045D0F6D6F /* Release */,
			);
			defaultConfigurationIsVisible = 0;
			defaultConfigurationName = Debug;
		};
		E10E52FCFDEE97EBACBA1AD0 /* Build configuration list for PBXNativeTarget "SocraticTrade" */ = {
			isa = XCConfigurationList;
			buildConfigurations = (
				D6D532F502E99C854D613F23 /* Debug */,
				F98A8722D53DE02D2347A71D /* Release */,
			);
			defaultConfigurationIsVisible = 0;
			defaultConfigurationName = Debug;
		};
/* End XCConfigurationList section */
	};
	rootObject = 65FE2CDE64D62422A77294E0 /* Project object */;
}
